
Microsoft Visual Studio Solution File, Format Version 12.00
# Visual Studio Version 17
VisualStudioVersion = 17.2.32616.157
MinimumVisualStudioVersion = 10.0.40219.1
Project("{FAE04EC0-301F-11D3-BF4B-00C04F79EFBC}") = "novSeventh", "novSeventh\novSeventh.csproj", "{220EBB63-B12F-435C-BB6F-BBA5691B3751}"
EndProject
Global
	GlobalSection(SolutionConfigurationPlatforms) = preSolution
		Debug|Any CPU = Debug|Any CPU
		Release|Any CPU = Release|Any CPU
	EndGlobalSection
	GlobalSection(ProjectConfigurationPlatforms) = postSolution
		{220EBB63-B12F-435C-BB6F-BBA5691B3751}.Debug|Any CPU.ActiveCfg = Debug|Any CPU
		{220EBB63-B12F-435C-BB6F-BBA5691B3751}.Debug|Any CPU.Build.0 = Debug|Any CPU
		{220EBB63-B12F-435C-BB6F-BBA5691B3751}.Release|Any CPU.ActiveCfg = Release|Any CPU
		{220EBB63-B12F-435C-BB6F-BBA5691B3751}.Release|Any CPU.Build.0 = Release|Any CPU
	EndGlobalSection
	GlobalSection(SolutionProperties) = preSolution
		HideSolutionNode = FALSE
	EndGlobalSection
	GlobalSection(ExtensibilityGlobals) = postSolution
		SolutionGuid = {5F50B4A6-977D-4992-89FC-3368E951A339}
	EndGlobalSection
EndGlobal
